{
  "name": "contracts",
  "lockfileVersion": 3,
  "requires": true,
  "packages": {
    "": {
      "dependencies": {
        "@zk-email/ether-email-auth-contracts": "^1.1.1"
      }
    },
    "node_modules/@matterlabs/zksync-contracts": {
      "version": "0.6.2",
      "resolved": "https://registry.npmjs.org/@matterlabs/zksync-contracts/-/zksync-contracts-0.6.2.tgz",
      "integrity": "sha512-I05OdN+BVS5rXgNnvHy0FAXPvwlReJLq4ZakyYIrZcDx+I1w1eTfBtvyLf0AcmUYbUwCz4mvR0f0bkk4PqBwHg==",
      "license": "MIT",
      "peerDependencies": {
        "@openzeppelin/contracts": "4.6.0",
        "@openzeppelin/contracts-upgradeable": "4.6.0"
      }
    },
    "node_modules/@openzeppelin/contracts": {
      "version": "4.6.0",
      "resolved": "https://registry.npmjs.org/@openzeppelin/contracts/-/contracts-4.6.0.tgz",
      "integrity": "sha512-8vi4d50NNya/bQqCmaVzvHNmwHvS0OBKb7HNtuNwEE3scXWrP31fKQoGxNMT+KbzmrNZzatE3QK5p2gFONI/hg==",
      "license": "MIT",
      "peer": true
    },
    "node_modules/@openzeppelin/contracts-upgradeable": {
      "version": "4.6.0",
      "resolved": "https://registry.npmjs.org/@openzeppelin/contracts-upgradeable/-/contracts-upgradeable-4.6.0.tgz",
      "integrity": "sha512-5OnVuO4HlkjSCJO165a4i2Pu1zQGzMs//o54LPrwUgxvEO2P3ax1QuaSI0cEHHTveA77guS0PnNugpR2JMsPfA==",
      "license": "MIT",
      "peer": true
    },
    "node_modules/@zk-email/contracts": {
      "version": "6.3.2",
      "resolved": "https://registry.npmjs.org/@zk-email/contracts/-/contracts-6.3.2.tgz",
      "integrity": "sha512-+JW0aZMlcrT66lsLqpyxHoGrOT3cMsfBnRinJ8wgXJit4rbZSRYKqVi42dGMyJVvpiJ8O9VQ5hbeYn/fpQKUxw==",
      "license": "MIT",
      "dependencies": {
        "@openzeppelin/contracts": "^5.0.0",
        "@openzeppelin/contracts-upgradeable": "^5.0.0",
        "dotenv": "^16.3.1"
      }
    },
    "node_modules/@zk-email/contracts/node_modules/@openzeppelin/contracts": {
      "version": "5.6.1",
      "resolved": "https://registry.npmjs.org/@openzeppelin/contracts/-/contracts-5.6.1.tgz",
      "integrity": "sha512-Ly6SlsVJ3mj+b18W3R8gNufB7dTICT105fJhodGAGgyC2oqnBAhqSiNDJ8V8DLY05cCz81GLI0CU5vNYA1EC/w==",
      "license": "MIT"
    },
    "node_modules/@zk-email/contracts/node_modules/@openzeppelin/contracts-upgradeable": {
      "version": "5.6.1",
      "resolved": "https://registry.npmjs.org/@openzeppelin/contracts-upgradeable/-/contracts-upgradeable-5.6.1.tgz",
      "integrity": "sha512-n4a/vfRs114lXyUdYg7pyY8LvFKWvCDF5lEcRRAVxap8g6ZEdLqm+9tmt2zTtRHcNMxTYp9y5t6KBof4tHp7Og==",
      "license": "MIT",
      "peerDependencies": {
        "@openzeppelin/contracts": "5.6.1"
      }
    },
    "node_modules/@zk-email/ether-email-auth-contracts": {
      "version": "1.1.1",
      "resolved": "https://registry.npmjs.org/@zk-email/ether-email-auth-contracts/-/ether-email-auth-contracts-1.1.1.tgz",
      "integrity": "sha512-m/uo6yi4M+16rgIEioA/KnpDT4EM0uV2iZC67QRBGUhpJ6fOUh7zXW0rwDBJuzv1xf7DEVoQPKKLzU+B2byXcw==",
      "license": "MIT",
      "dependencies": {
        "@matterlabs/zksync-contracts": "^0.6.1",
        "@openzeppelin/contracts": "^5.0.0",
        "@openzeppelin/contracts-upgradeable": "^5.0.0",
        "@zk-email/contracts": "^6.3.2",
        "solady": "^0.0.123",
        "solidity-stringutils": "git+https://github.com/zkemail/layer-zero-string-utils.git"
      }
    },
    "node_modules/@zk-email/ether-email-auth-contracts/node_modules/@openzeppelin/contracts": {
      "version": "5.6.1",
      "resolved": "https://registry.npmjs.org/@openzeppelin/contracts/-/contracts-5.6.1.tgz",
      "integrity": "sha512-Ly6SlsVJ3mj+b18W3R8gNufB7dTICT105fJhodGAGgyC2oqnBAhqSiNDJ8V8DLY05cCz81GLI0CU5vNYA1EC/w==",
      "license": "MIT"
    },
    "node_modules/@zk-email/ether-email-auth-contracts/node_modules/@openzeppelin/contracts-upgradeable": {
      "version": "5.6.1",
      "resolved": "https://registry.npmjs.org/@openzeppelin/contracts-upgradeable/-/contracts-upgradeable-5.6.1.tgz",
      "integrity": "sha512-n4a/vfRs114lXyUdYg7pyY8LvFKWvCDF5lEcRRAVxap8g6ZEdLqm+9tmt2zTtRHcNMxTYp9y5t6KBof4tHp7Og==",
      "license": "MIT",
      "peerDependencies": {
        "@openzeppelin/contracts": "5.6.1"
      }
    },
    "node_modules/dotenv": {
      "version": "16.6.1",
      "resolved": "https://registry.npmjs.org/dotenv/-/dotenv-16.6.1.tgz",
      "integrity": "sha512-uBq4egWHTcTt33a72vpSG0z3HnPuIl6NqYcTrKEg2azoEyl2hpW0zqlxysq2pK9HlDIHyHyakeYaYnSAwd8bow==",
      "license": "BSD-2-Clause",
      "engines": {
        "node": ">=12"
      },
      "funding": {
        "url": "https://dotenvx.com"
      }
    },
    "node_modules/solady": {
      "version": "0.0.123",
      "resolved": "https://registry.npmjs.org/solady/-/solady-0.0.123.tgz",
      "integrity": "sha512-F/B8OMCplGsS4FrdPrnEG0xdg8HKede5PwC+Rum8soj/LWxfKckA0p+Uwnlbgey2iI82IHvmSOCNhsdbA+lUrw==",
      "license": "MIT"
    },
    "node_modules/solidity-stringutils": {
      "version": "0.0.1",
      "resolved": "git+ssh://git@github.com/zkemail/layer-zero-string-utils.git#4fd8cdf8f4eae796b233ff7da0deda735e7c7580",
      "license": "Apache-2.0"
    }
  }
}
